Microsoft Visual Studio Solution File, Format Version 12.00
# Visual Studio Version 17
VisualStudioVersion = 17.5.2.0
MinimumVisualStudioVersion = 10.0.40219.1
Project("{FAE04EC0-301F-11D3-BF4B-00C04F79EFBC}") = "IhsanWeb", "IhsanWeb.csproj", "{198F4957-AE70-CB0F-DEFF-C3D8BB887508}"
EndProject
Global
	GlobalSection(SolutionConfigurationPlatforms) = preSolution
		Debug|Any CPU = Debug|Any CPU
		Release|Any CPU = Release|Any CPU
	EndGlobalSection
	GlobalSection(ProjectConfigurationPlatforms) = postSolution
		{198F4957-AE70-CB0F-DEFF-C3D8BB887508}.Debug|Any CPU.ActiveCfg = Debug|Any CPU
		{198F4957-AE70-CB0F-DEFF-C3D8BB887508}.Debug|Any CPU.Build.0 = Debug|Any CPU
		{198F4957-AE70-CB0F-DEFF-C3D8BB887508}.Release|Any CPU.ActiveCfg = Release|Any CPU
		{198F4957-AE70-CB0F-DEFF-C3D8BB887508}.Release|Any CPU.Build.0 = Release|Any CPU
	EndGlobalSection
	GlobalSection(SolutionProperties) = preSolution
		HideSolutionNode = FALSE
	EndGlobalSection
	GlobalSection(ExtensibilityGlobals) = postSolution
		SolutionGuid = {F2572CB0-B96D-4101-A470-EBFC4B7AA4AE}
	EndGlobalSection
EndGlobal
